
Microsoft Visual Studio Solution File, Format Version 12.00
# Visual Studio Version 17
VisualStudioVersion = 17.0.31903.59
MinimumVisualStudioVersion = 10.0.40219.1
Project("{FAE04EC0-301F-11D3-BF4B-00C04F79EFBC}") = "RSHome", "RSHome\RSHome.csproj", "{6E935326-A869-4CBE-9708-FEAD566C9854}"
EndProject
Project("{FAE04EC0-301F-11D3-BF4B-00C04F79EFBC}") = "RSHome.Tests", "RSHome.Tests\RSHome.Tests.csproj", "{80004C62-A5A9-4092-8A2E-4A1A1E7FAFB9}"
EndProject
Global
	GlobalSection(SolutionConfigurationPlatforms) = preSolution
		Debug|Any CPU = Debug|Any CPU
		Release|Any CPU = Release|Any CPU
	EndGlobalSection
	GlobalSection(SolutionProperties) = preSolution
		HideSolutionNode = FALSE
	EndGlobalSection
	GlobalSection(ProjectConfigurationPlatforms) = postSolution
		{6E935326-A869-4CBE-9708-FEAD566C9854}.Debug|Any CPU.ActiveCfg = Debug|Any CPU
		{6E935326-A869-4CBE-9708-FEAD566C9854}.Debug|Any CPU.Build.0 = Debug|Any CPU
		{6E935326-A869-4CBE-9708-FEAD566C9854}.Release|Any CPU.ActiveCfg = Release|Any CPU
		{6E935326-A869-4CBE-9708-FEAD566C9854}.Release|Any CPU.Build.0 = Release|Any CPU
		{80004C62-A5A9-4092-8A2E-4A1A1E7FAFB9}.Debug|Any CPU.ActiveCfg = Debug|Any CPU
		{80004C62-A5A9-4092-8A2E-4A1A1E7FAFB9}.Debug|Any CPU.Build.0 = Debug|Any CPU
		{80004C62-A5A9-4092-8A2E-4A1A1E7FAFB9}.Release|Any CPU.ActiveCfg = Release|Any CPU
		{80004C62-A5A9-4092-8A2E-4A1A1E7FAFB9}.Release|Any CPU.Build.0 = Release|Any CPU
	EndGlobalSection
EndGlobal
